// !$*UTF8*$!
{
	archiveVersion = 1;
	classes = {
	};
	objectVersion = 46;
	objects = {

/* Begin PBXBuildFile section */
		1825503F1A885A640023463A /* AppDelegate.swift in Sources */ = {isa = PBXBuildFile; fileRef = 1825503E1A885A640023463A /* AppDelegate.swift */; };
		182550411A885A640023463A /* ViewController.swift in Sources */ = {isa = PBXBuildFile; fileRef = 182550401A885A640023463A /* ViewController.swift */; };
		182550441A885A640023463A /* Main.storyboard in Resources */ = {isa = PBXBuildFile; fileRef = 182550421A885A640023463A /* Main.storyboard */; };
		182550461A885A640023463A /* Images.xcassets in Resources */ = {isa = PBXBuildFile; fileRef = 182550451A885A640023463A /* Images.xcassets */; };
		182550551A885A640023463A /* swift_a_gameTests.swift in Sources */ = {isa = PBXBuildFile; fileRef = 182550541A885A640023463A /* swift_a_gameTests.swift */; };
		18952A141A8B11DE0032E98D /* AboutViewController.swift in Sources */ = {isa = PBXBuildFile; fileRef = 18952A131A8B11DE0032E98D /* AboutViewController.swift */; };
		18B660A21A8CF2C300B1EBA9 /* Default-568h@2x.png in Resources */ = {isa = PBXBuildFile; fileRef = 18B660A01A8CF2C300B1EBA9 /* Default-568h@2x.png */; };
		18B660A31A8CF2C300B1EBA9 /* Default@2x.png in Resources */ = {isa = PBXBuildFile; fileRef = 18B660A11A8CF2C300B1EBA9 /* Default@2x.png */; };
		18F0EE4D1A8B45E2003EC010 /* BullsEye.html in Resources */ = {isa = PBXBuildFile; fileRef = 18F0EE4C1A8B45E2003EC010 /* BullsEye.html */; };
/* End PBXBuildFile section */

/* Begin PBXContainerItemProxy section */
		1825504F1A885A640023463A /* PBXContainerItemProxy */ = {
			isa = PBXContainerItemProxy;
			containerPortal = 182550311A885A640023463A /* Project object */;
			proxyType = 1;
			remoteGlobalIDString = 182550381A885A640023463A;
			remoteInfo = "swift a game";
		};
/* End PBXContainerItemProxy section */

/* Begin PBXFileReference section */
		182550391A885A640023463A /* swift a game.app */ = {isa = PBXFileReference; explicitFileType = wrapper.application; includeInIndex = 0; path = "swift a game.app"; sourceTree = BUILT_PRODUCTS_DIR; };
		1825503D1A885A640023463A /* Info.plist */ = {isa = PBXFileReference; lastKnownFileType = text.plist.xml; path = Info.plist; sourceTree = "<group>"; };
		1825503E1A885A640023463A /* AppDelegate.swift */ = {isa = PBXFileReference; lastKnownFileType = sourcecode.swift; path = AppDelegate.swift; sourceTree = "<group>"; };
		182550401A885A640023463A /* ViewController.swift */ = {isa = PBXFileReference; lastKnownFileType = sourcecode.swift; path = ViewController.swift; sourceTree = "<group>"; };
		182550431A885A640023463A /* Base */ = {isa = PBXFileReference; lastKnownFileType = file.storyboard; name = Base; path = Base.lproj/Main.storyboard; sourceTree = "<group>"; };
		182550451A885A640023463A /* Images.xcassets */ = {isa = PBXFileReference; lastKnownFileType = folder.assetcatalog; path = Images.xcassets; sourceTree = "<group>"; };
		1825504E1A885A640023463A /* swift a gameTests.xctest */ = {isa = PBXFileReference; explicitFileType = wrapper.cfbundle; includeInIndex = 0; path = "swift a gameTests.xctest"; sourceTree = BUILT_PRODUCTS_DIR; };
		182550531A885A640023463A /* Info.plist */ = {isa = PBXFileReference; lastKnownFileType = text.plist.xml; path = Info.plist; sourceTree = "<group>"; };
		182550541A885A640023463A /* swift_a_gameTests.swift */ = {isa = PBXFileReference; lastKnownFileType = sourcecode.swift; path = swift_a_gameTests.swift; sourceTree = "<group>"; };
		18952A131A8B11DE0032E98D /* AboutViewController.swift */ = {isa = PBXFileReference; fileEncoding = 4; lastKnownFileType = sourcecode.swift; name = AboutViewController.swift; path = ../AboutViewController.swift; sourceTree = "<group>"; };
		18B660A01A8CF2C300B1EBA9 /* Default-568h@2x.png */ = {isa = PBXFileReference; lastKnownFileType = image.png; name = "Default-568h@2x.png"; path = "../Default-568h@2x.png"; sourceTree = "<group>"; };
		18B660A11A8CF2C300B1EBA9 /* Default@2x.png */ = {isa = PBXFileReference; lastKnownFileType = image.png; name = "Default@2x.png"; path = "../Default@2x.png"; sourceTree = "<group>"; };
		18F0EE4C1A8B45E2003EC010 /* BullsEye.html */ = {isa = PBXFileReference; fileEncoding = 4; lastKnownFileType = text.html; path = BullsEye.html; sourceTree = "<group>"; };
/* End PBXFileReference section */

/* Begin PBXFrameworksBuildPhase section */
		182550361A885A640023463A /* Frameworks */ = {
			isa = PBXFrameworksBuildPhase;
			buildActionMask = 2147483647;
			files = (
			);
			runOnlyForDeploymentPostprocessing = 0;
		};
		1825504B1A885A640023463A /* Frameworks */ = {
			isa = PBXFrameworksBuildPhase;
			buildActionMask = 2147483647;
			files = (
			);
			runOnlyForDeploymentPostprocessing = 0;
		};
/* End PBXFrameworksBuildPhase section */

/* Begin PBXGroup section */
		182550301A885A640023463A = {
			isa = PBXGroup;
			children = (
				1825503B1A885A640023463A /* swift a game */,
				182550511A885A640023463A /* swift a gameTests */,
				1825503A1A885A640023463A /* Products */,
			);
			sourceTree = "<group>";
		};
		1825503A1A885A640023463A /* Products */ = {
			isa = PBXGroup;
			children = (
				182550391A885A640023463A /* swift a game.app */,
				1825504E1A885A640023463A /* swift a gameTests.xctest */,
			);
			name = Products;
			sourceTree = "<group>";
		};
		1825503B1A885A640023463A /* swift a game */ = {
			isa = PBXGroup;
			children = (
				18F0EE4C1A8B45E2003EC010 /* BullsEye.html */,
				1825503E1A885A640023463A /* AppDelegate.swift */,
				182550401A885A640023463A /* ViewController.swift */,
				182550421A885A640023463A /* Main.storyboard */,
				182550451A885A640023463A /* Images.xcassets */,
				18B660A01A8CF2C300B1EBA9 /* Default-568h@2x.png */,
				18B660A11A8CF2C300B1EBA9 /* Default@2x.png */,
				18952A131A8B11DE0032E98D /* AboutViewController.swift */,
				1825503C1A885A640023463A /* Supporting Files */,
			);
			path = "swift a game";
			sourceTree = "<group>";
		};
		1825503C1A885A640023463A /* Supporting Files */ = {
			isa = PBXGroup;
			children = (
				1825503D1A885A640023463A /* Info.plist */,
			);
			name = "Supporting Files";
			sourceTree = "<group>";
		};
		182550511A885A640023463A /* swift a gameTests */ = {
			isa = PBXGroup;
			children = (
				182550541A885A640023463A /* swift_a_gameTests.swift */,
				182550521A885A640023463A /* Supporting Files */,
			);
			path = "swift a gameTests";
			sourceTree = "<group>";
		};
		182550521A885A640023463A /* Supporting Files */ = {
			isa = PBXGroup;
			children = (
				182550531A885A640023463A /* Info.plist */,
			);
			name = "Supporting Files";
			sourceTree = "<group>";
		};
/* End PBXGroup section */

/* Begin PBXNativeTarget section */
		182550381A885A640023463A /* swift a game */ = {
			isa = PBXNativeTarget;
			buildConfigurationList = 182550581A885A640023463A /* Build configuration list for PBXNativeTarget "swift a game" */;
			buildPhases = (
				182550351A885A640023463A /* Sources */,
				182550361A885A640023463A /* Frameworks */,
				182550371A885A640023463A /* Resources */,
			);
			buildRules = (
			);
			dependencies = (
			);
			name = "swift a game";
			productName = "swift a game";
			productReference = 182550391A885A640023463A /* swift a game.app */;
			productType = "com.apple.product-type.application";
		};
		1825504D1A885A640023463A /* swift a gameTests */ = {
			isa = PBXNativeTarget;
			buildConfigurationList = 1825505B1A885A640023463A /* Build configuration list for PBXNativeTarget "swift a gameTests" */;
			buildPhases = (
				1825504A1A885A640023463A /* Sources */,
				1825504B1A885A640023463A /* Frameworks */,
				1825504C1A885A640023463A /* Resources */,
			);
			buildRules = (
			);
			dependencies = (
				182550501A885A640023463A /* PBXTargetDependency */,
			);
			name = "swift a gameTests";
			productName = "swift a gameTests";
			productReference = 1825504E1A885A640023463A /* swift a gameTests.xctest */;
			productType = "com.apple.product-type.bundle.unit-test";
		};
/* End PBXNativeTarget section */

/* Begin PBXProject section */
		182550311A885A640023463A /* Project object */ = {
			isa = PBXProject;
			attributes = {
				LastUpgradeCheck = 0610;
				ORGANIZATIONNAME = zhy;
				TargetAttributes = {
					182550381A885A640023463A = {
						CreatedOnToolsVersion = 6.1.1;
					};
					1825504D1A885A640023463A = {
						CreatedOnToolsVersion = 6.1.1;
						TestTargetID = 182550381A885A640023463A;
					};
				};
			};
			buildConfigurationList = 182550341A885A640023463A /* Build configuration list for PBXProject "swift a game" */;
			compatibilityVersion = "Xcode 3.2";
			developmentRegion = English;
			hasScannedForEncodings = 0;
			knownRegions = (
				en,
				Base,
			);
			mainGroup = 182550301A885A640023463A;
			productRefGroup = 1825503A1A885A640023463A /* Products */;
			projectDirPath = "";
			projectRoot = "";
			targets = (
				182550381A885A640023463A /* swift a game */,
				1825504D1A885A640023463A /* swift a gameTests */,
			);
		};
/* End PBXProject section */

/* Begin PBXResourcesBuildPhase section */
		182550371A885A640023463A /* Resources */ = {
			isa = PBXResourcesBuildPhase;
			buildActionMask = 2147483647;
			files = (
				182550441A885A640023463A /* Main.storyboard in Resources */,
				18B660A21A8CF2C300B1EBA9 /* Default-568h@2x.png in Resources */,
				18B660A31A8CF2C300B1EBA9 /* Default@2x.png in Resources */,
				18F0EE4D1A8B45E2003EC010 /* BullsEye.html in Resources */,
				182550461A885A640023463A /* Images.xcassets in Resources */,
			);
			runOnlyForDeploymentPostprocessing = 0;
		};
		1825504C1A885A640023463A /* Resources */ = {
			isa = PBXResourcesBuildPhase;
			buildActionMask = 2147483647;
			files = (
			);
			runOnlyForDeploymentPostprocessing = 0;
		};
/* End PBXResourcesBuildPhase section */

/* Begin PBXSourcesBuildPhase section */
		182550351A885A640023463A /* Sources */ = {
			isa = PBXSourcesBuildPhase;
			buildActionMask = 2147483647;
			files = (
				18952A141A8B11DE0032E98D /* AboutViewController.swift in Sources */,
				182550411A885A640023463A /* ViewController.swift in Sources */,
				1825503F1A885A640023463A /* AppDelegate.swift in Sources */,
			);
			runOnlyForDeploymentPostprocessing = 0;
		};
		1825504A1A885A640023463A /* Sources */ = {
			isa = PBXSourcesBuildPhase;
			buildActionMask = 2147483647;
			files = (
				182550551A885A640023463A /* swift_a_gameTests.swift in Sources */,
			);
			runOnlyForDeploymentPostprocessing = 0;
		};
/* End PBXSourcesBuildPhase section */

/* Begin PBXTargetDependency section */
		182550501A885A640023463A /* PBXTargetDependency */ = {
			isa = PBXTargetDependency;
			target = 182550381A885A640023463A /* swift a game */;
			targetProxy = 1825504F1A885A640023463A /* PBXContainerItemProxy */;
		};
/* End PBXTargetDependency section */

/* Begin PBXVariantGroup section */
		182550421A885A640023463A /* Main.storyboard */ = {
			isa = PBXVariantGroup;
			children = (
				182550431A885A640023463A /* Base */,
			);
			name = Main.storyboard;
			sourceTree = "<group>";
		};
/* End PBXVariantGroup section */

/* Begin XCBuildConfiguration section */
		182550561A885A640023463A /* Debug */ = {
			isa = XCBuildConfiguration;
			buildSettings = {
				ALWAYS_SEARCH_USER_PATHS = NO;
				CLANG_CXX_LANGUAGE_STANDARD = "gnu++0x";
				CLANG_CXX_LIBRARY = "libc++";
				CLANG_ENABLE_MODULES = YES;
				CLANG_ENABLE_OBJC_ARC = YES;
				CLANG_WARN_BOOL_CONVERSION = YES;
				CLANG_WARN_CONSTANT_CONVERSION = YES;
				CLANG_WARN_DIRECT_OBJC_ISA_USAGE = YES_ERROR;
				CLANG_WARN_EMPTY_BODY = YES;
				CLANG_WARN_ENUM_CONVERSION = YES;
				CLANG_WARN_INT_CONVERSION = YES;
				CLANG_WARN_OBJC_ROOT_CLASS = YES_ERROR;
				CLANG_WARN_UNREACHABLE_CODE = YES;
				CLANG_WARN__DUPLICATE_METHOD_MATCH = YES;
				"CODE_SIGN_IDENTITY[sdk=iphoneos*]" = "iPhone Developer";
				COPY_PHASE_STRIP = NO;
				ENABLE_STRICT_OBJC_MSGSEND = YES;
				GCC_C_LANGUAGE_STANDARD = gnu99;
				GCC_DYNAMIC_NO_PIC = NO;
				GCC_OPTIMIZATION_LEVEL = 0;
				GCC_PREPROCESSOR_DEFINITIONS = (
					"DEBUG=1",
					"$(inherited)",
				);
				GCC_SYMBOLS_PRIVATE_EXTERN = NO;
				GCC_WARN_64_TO_32_BIT_CONVERSION = YES;
				GCC_WARN_ABOUT_RETURN_TYPE = YES_ERROR;
				GCC_WARN_UNDECLARED_SELECTOR = YES;
				GCC_WARN_UNINITIALIZED_AUTOS = YES_AGGRESSIVE;
				GCC_WARN_UNUSED_FUNCTION = YES;
				GCC_WARN_UNUSED_VARIABLE = YES;
				IPHONEOS_DEPLOYMENT_TARGET = 8.1;
				MTL_ENABLE_DEBUG_INFO = YES;
				ONLY_ACTIVE_ARCH = YES;
				SDKROOT = iphoneos;
				SWIFT_OPTIMIZATION_LEVEL = "-Onone";
			};
			name = Debug;
		};
		182550571A885A640023463A /* Release */ = {
			isa = XCBuildConfiguration;
			buildSettings = {
				ALWAYS_SEARCH_USER_PATHS = NO;
				CLANG_CXX_LANGUAGE_STANDARD = "gnu++0x";
				CLANG_CXX_LIBRARY = "libc++";
				CLANG_ENABLE_MODULES = YES;
				CLANG_ENABLE_OBJC_ARC = YES;
				CLANG_WARN_BOOL_CONVERSION = YES;
				CLANG_WARN_CONSTANT_CONVERSION = YES;
				CLANG_WARN_DIRECT_OBJC_ISA_USAGE = YES_ERROR;
				CLANG_WARN_EMPTY_BODY = YES;
				CLANG_WARN_ENUM_CONVERSION = YES;
				CLANG_WARN_INT_CONVERSION = YES;
				CLANG_WARN_OBJC_ROOT_CLASS = YES_ERROR;
				CLANG_WARN_UNREACHABLE_CODE = YES;
				CLANG_WARN__DUPLICATE_METHOD_MATCH = YES;
				"CODE_SIGN_IDENTITY[sdk=iphoneos*]" = "iPhone Developer";
				COPY_PHASE_STRIP = YES;
				ENABLE_NS_ASSERTIONS = NO;
				ENABLE_STRICT_OBJC_MSGSEND = YES;
				GCC_C_LANGUAGE_STANDARD = gnu99;
				GCC_WARN_64_TO_32_BIT_CONVERSION = YES;
				GCC_WARN_ABOUT_RETURN_TYPE = YES_ERROR;
				GCC_WARN_UNDECLARED_SELECTOR = YES;
				GCC_WARN_UNINITIALIZED_AUTOS = YES_AGGRESSIVE;
				GCC_WARN_UNUSED_FUNCTION = YES;
				GCC_WARN_UNUSED_VARIABLE = YES;
				IPHONEOS_DEPLOYMENT_TARGET = 8.1;
				MTL_ENABLE_DEBUG_INFO = NO;
				SDKROOT = iphoneos;
				VALIDATE_PRODUCT = YES;
			};
			name = Release;
		};
		182550591A885A640023463A /* Debug */ = {
			isa = XCBuildConfiguration;
			buildSettings = {
				ASSETCATALOG_COMPILER_APPICON_NAME = AppIcon;
				INFOPLIST_FILE = "swift a game/Info.plist";
				LD_RUNPATH_SEARCH_PATHS = "$(inherited) @executable_path/Frameworks";
				PRODUCT_NAME = "$(TARGET_NAME)";
				TARGETED_DEVICE_FAMILY = 1;
			};
			name = Debug;
		};
		1825505A1A885A640023463A /* Release */ = {
			isa = XCBuildConfiguration;
			buildSettings = {
				ASSETCATALOG_COMPILER_APPICON_NAME = AppIcon;
				INFOPLIST_FILE = "swift a game/Info.plist";
				LD_RUNPATH_SEARCH_PATHS = "$(inherited) @executable_path/Frameworks";
				PRODUCT_NAME = "$(TARGET_NAME)";
				TARGETED_DEVICE_FAMILY = 1;
			};
			name = Release;
		};
		1825505C1A885A640023463A /* Debug */ = {
			isa = XCBuildConfiguration;
			buildSettings = {
				BUNDLE_LOADER = "$(TEST_HOST)";
				FRAMEWORK_SEARCH_PATHS = (
					"$(SDKROOT)/Developer/Library/Frameworks",
					"$(inherited)",
				);
				GCC_PREPROCESSOR_DEFINITIONS = (
					"DEBUG=1",
					"$(inherited)",
				);
				INFOPLIST_FILE = "swift a gameTests/Info.plist";
				LD_RUNPATH_SEARCH_PATHS = "$(inherited) @executable_path/Frameworks @loader_path/Frameworks";
				PRODUCT_NAME = "$(TARGET_NAME)";
				TEST_HOST = "$(BUILT_PRODUCTS_DIR)/swift a game.app/swift a game";
			};
			name = Debug;
		};
		1825505D1A885A640023463A /* Release */ = {
			isa = XCBuildConfiguration;
			buildSettings = {
				BUNDLE_LOADER = "$(TEST_HOST)";
				FRAMEWORK_SEARCH_PATHS = (
					"$(SDKROOT)/Developer/Library/Frameworks",
					"$(inherited)",
				);
				INFOPLIST_FILE = "swift a gameTests/Info.plist";
				LD_RUNPATH_SEARCH_PATHS = "$(inherited) @executable_path/Frameworks @loader_path/Frameworks";
				PRODUCT_NAME = "$(TARGET_NAME)";
				TEST_HOST = "$(BUILT_PRODUCTS_DIR)/swift a game.app/swift a game";
			};
			name = Release;
		};
/* End XCBuildConfiguration section */

/* Begin XCConfigurationList section */
		182550341A885A640023463A /* Build configuration list for PBXProject "swift a game" */ = {
			isa = XCConfigurationList;
			buildConfigurations = (
				182550561A885A640023463A /* Debug */,
				182550571A885A640023463A /* Release */,
			);
			defaultConfigurationIsVisible = 0;
			defaultConfigurationName = Release;
		};
		182550581A885A640023463A /* Build configuration list for PBXNativeTarget "swift a game" */ = {
			isa = XCConfigurationList;
			buildConfigurations = (
				182550591A885A640023463A /* Debug */,
				1825505A1A885A640023463A /* Release */,
			);
			defaultConfigurationIsVisible = 0;
			defaultConfigurationName = Release;
		};
		1825505B1A885A640023463A /* Build configuration list for PBXNativeTarget "swift a gameTests" */ = {
			isa = XCConfigurationList;
			buildConfigurations = (
				1825505C1A885A640023463A /* Debug */,
				1825505D1A885A640023463A /* Release */,
			);
			defaultConfigurationIsVisible = 0;
			defaultConfigurationName = Release;
		};
/* End XCConfigurationList section */
	};
	rootObject = 182550311A885A640023463A /* Project object */;
}
